
Microsoft Visual Studio Solution File, Format Version 12.00
# Visual Studio Version 17
VisualStudioVersion = 17.9.34728.123
MinimumVisualStudioVersion = 10.0.40219.1
Project("{9A19103F-16F7-4668-BE54-9A1E7A4F7556}") = "ProductsManagement.Domain", "ProductsManagement.Core\ProductsManagement.Domain.csproj", "{1BF180B8-DEF3-44BD-9A5C-F62C6392FBDD}"
EndProject
Project("{9A19103F-16F7-4668-BE54-9A1E7A4F7556}") = "ProductsManagement.Infra", "ProductsManagement.Infra\ProductsManagement.Infra.csproj", "{099DCEC2-8B9C-4675-88A4-E85D7977A456}"
EndProject
Project("{9A19103F-16F7-4668-BE54-9A1E7A4F7556}") = "ProductsManagement.Application", "ProductsManagement.Application\ProductsManagement.Application.csproj", "{D9651460-91D9-459D-A809-ACECE5AD335F}"
EndProject
Project("{9A19103F-16F7-4668-BE54-9A1E7A4F7556}") = "ProductsManagement.Functions", "ProductsManagement.Functions\ProductsManagement.Functions.csproj", "{D6C4530B-288B-4D86-9FB5-5A5C971FE10F}"
EndProject
Global
	GlobalSection(SolutionConfigurationPlatforms) = preSolution
		Debug|Any CPU = Debug|Any CPU
		Release|Any CPU = Release|Any CPU
	EndGlobalSection
	GlobalSection(ProjectConfigurationPlatforms) = postSolution
		{1BF180B8-DEF3-44BD-9A5C-F62C6392FBDD}.Debug|Any CPU.ActiveCfg = Debug|Any CPU
		{1BF180B8-DEF3-44BD-9A5C-F62C6392FBDD}.Debug|Any CPU.Build.0 = Debug|Any CPU
		{1BF180B8-DEF3-44BD-9A5C-F62C6392FBDD}.Release|Any CPU.ActiveCfg = Release|Any CPU
		{1BF180B8-DEF3-44BD-9A5C-F62C6392FBDD}.Release|Any CPU.Build.0 = Release|Any CPU
		{099DCEC2-8B9C-4675-88A4-E85D7977A456}.Debug|Any CPU.ActiveCfg = Debug|Any CPU
		{099DCEC2-8B9C-4675-88A4-E85D7977A456}.Debug|Any CPU.Build.0 = Debug|Any CPU
		{099DCEC2-8B9C-4675-88A4-E85D7977A456}.Release|Any CPU.ActiveCfg = Release|Any CPU
		{099DCEC2-8B9C-4675-88A4-E85D7977A456}.Release|Any CPU.Build.0 = Release|Any CPU
		{D9651460-91D9-459D-A809-ACECE5AD335F}.Debug|Any CPU.ActiveCfg = Debug|Any CPU
		{D9651460-91D9-459D-A809-ACECE5AD335F}.Debug|Any CPU.Build.0 = Debug|Any CPU
		{D9651460-91D9-459D-A809-ACECE5AD335F}.Release|Any CPU.ActiveCfg = Release|Any CPU
		{D9651460-91D9-459D-A809-ACECE5AD335F}.Release|Any CPU.Build.0 = Release|Any CPU
		{D6C4530B-288B-4D86-9FB5-5A5C971FE10F}.Debug|Any CPU.ActiveCfg = Debug|Any CPU
		{D6C4530B-288B-4D86-9FB5-5A5C971FE10F}.Debug|Any CPU.Build.0 = Debug|Any CPU
		{D6C4530B-288B-4D86-9FB5-5A5C971FE10F}.Release|Any CPU.ActiveCfg = Release|Any CPU
		{D6C4530B-288B-4D86-9FB5-5A5C971FE10F}.Release|Any CPU.Build.0 = Release|Any CPU
	EndGlobalSection
	GlobalSection(SolutionProperties) = preSolution
		HideSolutionNode = FALSE
	EndGlobalSection
	GlobalSection(ExtensibilityGlobals) = postSolution
		SolutionGuid = {8BC783FA-697D-4832-8C7C-F2D0D330EC14}
	EndGlobalSection
EndGlobal
